
Microsoft Visual Studio Solution File, Format Version 12.00
# Visual Studio Version 17
VisualStudioVersion = 17.0.32014.148
MinimumVisualStudioVersion = 10.0.40219.1
Project("{FAE04EC0-301F-11D3-BF4B-00C04F79EFBC}") = "NetMarket.Api", "src\NetMarket.Api\NetMarket.Api.csproj", "{711A8CDC-D8C3-4343-9C03-371DA6D76A7E}"
EndProject
Project("{FAE04EC0-301F-11D3-BF4B-00C04F79EFBC}") = "NetMarket.Business", "NetMarket.Business\NetMarket.Business.csproj", "{0E7ACDBE-B843-4DB1-9D32-3B897BBBCD2B}"
EndProject
Project("{FAE04EC0-301F-11D3-BF4B-00C04F79EFBC}") = "NetMarket.Core", "NetMarket.Core\NetMarket.Core.csproj", "{D11D3659-1AC0-4711-8C95-36B9E5C29B44}"
EndProject
Global
	GlobalSection(SolutionConfigurationPlatforms) = preSolution
		Debug|Any CPU = Debug|Any CPU
		Release|Any CPU = Release|Any CPU
	EndGlobalSection
	GlobalSection(ProjectConfigurationPlatforms) = postSolution
		{711A8CDC-D8C3-4343-9C03-371DA6D76A7E}.Debug|Any CPU.ActiveCfg = Debug|Any CPU
		{711A8CDC-D8C3-4343-9C03-371DA6D76A7E}.Debug|Any CPU.Build.0 = Debug|Any CPU
		{711A8CDC-D8C3-4343-9C03-371DA6D76A7E}.Release|Any CPU.ActiveCfg = Release|Any CPU
		{711A8CDC-D8C3-4343-9C03-371DA6D76A7E}.Release|Any CPU.Build.0 = Release|Any CPU
		{0E7ACDBE-B843-4DB1-9D32-3B897BBBCD2B}.Debug|Any CPU.ActiveCfg = Debug|Any CPU
		{0E7ACDBE-B843-4DB1-9D32-3B897BBBCD2B}.Debug|Any CPU.Build.0 = Debug|Any CPU
		{0E7ACDBE-B843-4DB1-9D32-3B897BBBCD2B}.Release|Any CPU.ActiveCfg = Release|Any CPU
		{0E7ACDBE-B843-4DB1-9D32-3B897BBBCD2B}.Release|Any CPU.Build.0 = Release|Any CPU
		{D11D3659-1AC0-4711-8C95-36B9E5C29B44}.Debug|Any CPU.ActiveCfg = Debug|Any CPU
		{D11D3659-1AC0-4711-8C95-36B9E5C29B44}.Debug|Any CPU.Build.0 = Debug|Any CPU
		{D11D3659-1AC0-4711-8C95-36B9E5C29B44}.Release|Any CPU.ActiveCfg = Release|Any CPU
		{D11D3659-1AC0-4711-8C95-36B9E5C29B44}.Release|Any CPU.Build.0 = Release|Any CPU
	EndGlobalSection
	GlobalSection(SolutionProperties) = preSolution
		HideSolutionNode = FALSE
	EndGlobalSection
	GlobalSection(ExtensibilityGlobals) = postSolution
		SolutionGuid = {81641B9A-C306-404B-93C5-B46D71BDA02E}
	EndGlobalSection
EndGlobal
